
Microsoft Visual Studio Solution File, Format Version 12.00
# Visual Studio 15
VisualStudioVersion = 15.0.27703.2000
MinimumVisualStudioVersion = 10.0.40219.1
Project("{FAE04EC0-301F-11D3-BF4B-00C04F79EFBC}") = "Loops", "Loops\Loops.csproj", "{CBA1DD93-8F87-42CC-A3FF-9FA6CC89356C}"
EndProject
Global
	GlobalSection(SolutionConfigurationPlatforms) = preSolution
		Debug|Any CPU = Debug|Any CPU
		Release|Any CPU = Release|Any CPU
	EndGlobalSection
	GlobalSection(ProjectConfigurationPlatforms) = postSolution
		{CBA1DD93-8F87-42CC-A3FF-9FA6CC89356C}.Debug|Any CPU.ActiveCfg = Debug|Any CPU
		{CBA1DD93-8F87-42CC-A3FF-9FA6CC89356C}.Debug|Any CPU.Build.0 = Debug|Any CPU
		{CBA1DD93-8F87-42CC-A3FF-9FA6CC89356C}.Release|Any CPU.ActiveCfg = Release|Any CPU
		{CBA1DD93-8F87-42CC-A3FF-9FA6CC89356C}.Release|Any CPU.Build.0 = Release|Any CPU
	EndGlobalSection
	GlobalSection(SolutionProperties) = preSolution
		HideSolutionNode = FALSE
	EndGlobalSection
	GlobalSection(ExtensibilityGlobals) = postSolution
		SolutionGuid = {9D6B6DE4-1E1D-4275-90FC-F8E34437BD99}
	EndGlobalSection
EndGlobal
