
Microsoft Visual Studio Solution File, Format Version 12.00
# Visual Studio 15
VisualStudioVersion = 15.0.27703.2000
MinimumVisualStudioVersion = 10.0.40219.1
Project("{FAE04EC0-301F-11D3-BF4B-00C04F79EFBC}") = "ConstVarAndConstructors", "ConstVarAndConstructors\ConstVarAndConstructors.csproj", "{372769C5-C6A9-4D79-B45E-BD4A887FB8B4}"
EndProject
Global
	GlobalSection(SolutionConfigurationPlatforms) = preSolution
		Debug|Any CPU = Debug|Any CPU
		Release|Any CPU = Release|Any CPU
	EndGlobalSection
	GlobalSection(ProjectConfigurationPlatforms) = postSolution
		{372769C5-C6A9-4D79-B45E-BD4A887FB8B4}.Debug|Any CPU.ActiveCfg = Debug|Any CPU
		{372769C5-C6A9-4D79-B45E-BD4A887FB8B4}.Debug|Any CPU.Build.0 = Debug|Any CPU
		{372769C5-C6A9-4D79-B45E-BD4A887FB8B4}.Release|Any CPU.ActiveCfg = Release|Any CPU
		{372769C5-C6A9-4D79-B45E-BD4A887FB8B4}.Release|Any CPU.Build.0 = Release|Any CPU
	EndGlobalSection
	GlobalSection(SolutionProperties) = preSolution
		HideSolutionNode = FALSE
	EndGlobalSection
	GlobalSection(ExtensibilityGlobals) = postSolution
		SolutionGuid = {210EFB46-B129-434C-B780-2E0B0D1E772C}
	EndGlobalSection
EndGlobal
