
Microsoft Visual Studio Solution File, Format Version 12.00
# Visual Studio 15
VisualStudioVersion = 15.0.27703.2000
MinimumVisualStudioVersion = 10.0.40219.1
Project("{FAE04EC0-301F-11D3-BF4B-00C04F79EFBC}") = "TwentyOne", "TwentyOne\TwentyOne.csproj", "{1D979545-92CF-40C1-909B-952D232F66F3}"
EndProject
Project("{FAE04EC0-301F-11D3-BF4B-00C04F79EFBC}") = "Casino", "Casino\Casino.csproj", "{DCFF9440-CDBB-4E9F-B10B-588C32EAC23A}"
EndProject
Global
	GlobalSection(SolutionConfigurationPlatforms) = preSolution
		Debug|Any CPU = Debug|Any CPU
		Release|Any CPU = Release|Any CPU
	EndGlobalSection
	GlobalSection(ProjectConfigurationPlatforms) = postSolution
		{1D979545-92CF-40C1-909B-952D232F66F3}.Debug|Any CPU.ActiveCfg = Debug|Any CPU
		{1D979545-92CF-40C1-909B-952D232F66F3}.Debug|Any CPU.Build.0 = Debug|Any CPU
		{1D979545-92CF-40C1-909B-952D232F66F3}.Release|Any CPU.ActiveCfg = Release|Any CPU
		{1D979545-92CF-40C1-909B-952D232F66F3}.Release|Any CPU.Build.0 = Release|Any CPU
		{DCFF9440-CDBB-4E9F-B10B-588C32EAC23A}.Debug|Any CPU.ActiveCfg = Debug|Any CPU
		{DCFF9440-CDBB-4E9F-B10B-588C32EAC23A}.Debug|Any CPU.Build.0 = Debug|Any CPU
		{DCFF9440-CDBB-4E9F-B10B-588C32EAC23A}.Release|Any CPU.ActiveCfg = Release|Any CPU
		{DCFF9440-CDBB-4E9F-B10B-588C32EAC23A}.Release|Any CPU.Build.0 = Release|Any CPU
	EndGlobalSection
	GlobalSection(SolutionProperties) = preSolution
		HideSolutionNode = FALSE
	EndGlobalSection
	GlobalSection(ExtensibilityGlobals) = postSolution
		SolutionGuid = {74EB373C-4EC2-42F1-98FE-68989D7A043C}
	EndGlobalSection
EndGlobal
