
Microsoft Visual Studio Solution File, Format Version 12.00
# Visual Studio 15
VisualStudioVersion = 15.0.27703.2000
MinimumVisualStudioVersion = 10.0.40219.1
Project("{FAE04EC0-301F-11D3-BF4B-00C04F79EFBC}") = "ArraysAndLists", "ArraysAndLists\ArraysAndLists.csproj", "{47B57709-629A-4DC8-A4B3-09E26AF0D6E3}"
EndProject
Global
	GlobalSection(SolutionConfigurationPlatforms) = preSolution
		Debug|Any CPU = Debug|Any CPU
		Release|Any CPU = Release|Any CPU
	EndGlobalSection
	GlobalSection(ProjectConfigurationPlatforms) = postSolution
		{47B57709-629A-4DC8-A4B3-09E26AF0D6E3}.Debug|Any CPU.ActiveCfg = Debug|Any CPU
		{47B57709-629A-4DC8-A4B3-09E26AF0D6E3}.Debug|Any CPU.Build.0 = Debug|Any CPU
		{47B57709-629A-4DC8-A4B3-09E26AF0D6E3}.Release|Any CPU.ActiveCfg = Release|Any CPU
		{47B57709-629A-4DC8-A4B3-09E26AF0D6E3}.Release|Any CPU.Build.0 = Release|Any CPU
	EndGlobalSection
	GlobalSection(SolutionProperties) = preSolution
		HideSolutionNode = FALSE
	EndGlobalSection
	GlobalSection(ExtensibilityGlobals) = postSolution
		SolutionGuid = {8055E6B8-5456-41C6-8A94-E44CEC73C4C3}
	EndGlobalSection
EndGlobal
