
Microsoft Visual Studio Solution File, Format Version 12.00
# Visual Studio 15
VisualStudioVersion = 15.0.27703.2000
MinimumVisualStudioVersion = 10.0.40219.1
Project("{FAE04EC0-301F-11D3-BF4B-00C04F79EFBC}") = "MethodsExerciseP37", "MethodsExerciseP37\MethodsExerciseP37.csproj", "{FCBA54AE-CB08-4653-BD4C-A08B308428DB}"
EndProject
Global
	GlobalSection(SolutionConfigurationPlatforms) = preSolution
		Debug|Any CPU = Debug|Any CPU
		Release|Any CPU = Release|Any CPU
	EndGlobalSection
	GlobalSection(ProjectConfigurationPlatforms) = postSolution
		{FCBA54AE-CB08-4653-BD4C-A08B308428DB}.Debug|Any CPU.ActiveCfg = Debug|Any CPU
		{FCBA54AE-CB08-4653-BD4C-A08B308428DB}.Debug|Any CPU.Build.0 = Debug|Any CPU
		{FCBA54AE-CB08-4653-BD4C-A08B308428DB}.Release|Any CPU.ActiveCfg = Release|Any CPU
		{FCBA54AE-CB08-4653-BD4C-A08B308428DB}.Release|Any CPU.Build.0 = Release|Any CPU
	EndGlobalSection
	GlobalSection(SolutionProperties) = preSolution
		HideSolutionNode = FALSE
	EndGlobalSection
	GlobalSection(ExtensibilityGlobals) = postSolution
		SolutionGuid = {295C32A7-B84F-482B-B2E8-259C39665C9D}
	EndGlobalSection
EndGlobal
