
Microsoft Visual Studio Solution File, Format Version 12.00
# Visual Studio 15
VisualStudioVersion = 15.0.27703.2026
MinimumVisualStudioVersion = 10.0.40219.1
Project("{FAE04EC0-301F-11D3-BF4B-00C04F79EFBC}") = "WebApplication1", "WebApplication1\WebApplication1.csproj", "{81210A13-7515-4BDF-8965-7C7A1839226F}"
EndProject
Global
	GlobalSection(SolutionConfigurationPlatforms) = preSolution
		Debug|Any CPU = Debug|Any CPU
		Release|Any CPU = Release|Any CPU
	EndGlobalSection
	GlobalSection(ProjectConfigurationPlatforms) = postSolution
		{81210A13-7515-4BDF-8965-7C7A1839226F}.Debug|Any CPU.ActiveCfg = Debug|Any CPU
		{81210A13-7515-4BDF-8965-7C7A1839226F}.Debug|Any CPU.Build.0 = Debug|Any CPU
		{81210A13-7515-4BDF-8965-7C7A1839226F}.Release|Any CPU.ActiveCfg = Release|Any CPU
		{81210A13-7515-4BDF-8965-7C7A1839226F}.Release|Any CPU.Build.0 = Release|Any CPU
	EndGlobalSection
	GlobalSection(SolutionProperties) = preSolution
		HideSolutionNode = FALSE
	EndGlobalSection
	GlobalSection(ExtensibilityGlobals) = postSolution
		SolutionGuid = {9FC26D47-D28E-421A-9C7A-7D082CDEC41F}
	EndGlobalSection
EndGlobal
