
Microsoft Visual Studio Solution File, Format Version 12.00
# Visual Studio 15
VisualStudioVersion = 15.0.27703.2000
MinimumVisualStudioVersion = 10.0.40219.1
Project("{FAE04EC0-301F-11D3-BF4B-00C04F79EFBC}") = "ClassExerciseP47", "ClassExerciseP47\ClassExerciseP47.csproj", "{19EC33E2-22E4-46AA-9F19-931A65FD6EE5}"
EndProject
Global
	GlobalSection(SolutionConfigurationPlatforms) = preSolution
		Debug|Any CPU = Debug|Any CPU
		Release|Any CPU = Release|Any CPU
	EndGlobalSection
	GlobalSection(ProjectConfigurationPlatforms) = postSolution
		{19EC33E2-22E4-46AA-9F19-931A65FD6EE5}.Debug|Any CPU.ActiveCfg = Debug|Any CPU
		{19EC33E2-22E4-46AA-9F19-931A65FD6EE5}.Debug|Any CPU.Build.0 = Debug|Any CPU
		{19EC33E2-22E4-46AA-9F19-931A65FD6EE5}.Release|Any CPU.ActiveCfg = Release|Any CPU
		{19EC33E2-22E4-46AA-9F19-931A65FD6EE5}.Release|Any CPU.Build.0 = Release|Any CPU
	EndGlobalSection
	GlobalSection(SolutionProperties) = preSolution
		HideSolutionNode = FALSE
	EndGlobalSection
	GlobalSection(ExtensibilityGlobals) = postSolution
		SolutionGuid = {E63E6AFB-A90E-46F9-84D8-C33AA3801BF1}
	EndGlobalSection
EndGlobal
